
Microsoft Visual Studio Solution File, Format Version 12.00
# Visual Studio 15
VisualStudioVersion = 15.0.26430.13
MinimumVisualStudioVersion = 10.0.40219.1
Project("{FAE04EC0-301F-11D3-BF4B-00C04F79EFBC}") = "Unimacs_3000", "Unimacs_3000\Unimacs_3000.csproj", "{C32629AB-BA04-4F85-8010-B3BFE84AD83F}"
EndProject
Project("{FAE04EC0-301F-11D3-BF4B-00C04F79EFBC}") = "Websocket", "Websocket\Websocket.csproj", "{056C0A56-B17B-4CB8-8972-D7B0D9EA4F81}"
EndProject
Project("{FAE04EC0-301F-11D3-BF4B-00C04F79EFBC}") = "InputController", "Serialread\InputController.csproj", "{BFCDDF14-21C2-4EA0-8C96-CF829B9D92C6}"
EndProject
Project("{FAE04EC0-301F-11D3-BF4B-00C04F79EFBC}") = "MainApp", "MainApp\MainApp.csproj", "{E0B4965D-1401-4221-A069-02D56AA00849}"
EndProject
Global
	GlobalSection(SolutionConfigurationPlatforms) = preSolution
		Debug|Any CPU = Debug|Any CPU
		Release|Any CPU = Release|Any CPU
	EndGlobalSection
	GlobalSection(ProjectConfigurationPlatforms) = postSolution
		{C32629AB-BA04-4F85-8010-B3BFE84AD83F}.Debug|Any CPU.ActiveCfg = Debug|Any CPU
		{C32629AB-BA04-4F85-8010-B3BFE84AD83F}.Debug|Any CPU.Build.0 = Debug|Any CPU
		{C32629AB-BA04-4F85-8010-B3BFE84AD83F}.Release|Any CPU.ActiveCfg = Release|Any CPU
		{C32629AB-BA04-4F85-8010-B3BFE84AD83F}.Release|Any CPU.Build.0 = Release|Any CPU
		{056C0A56-B17B-4CB8-8972-D7B0D9EA4F81}.Debug|Any CPU.ActiveCfg = Debug|Any CPU
		{056C0A56-B17B-4CB8-8972-D7B0D9EA4F81}.Debug|Any CPU.Build.0 = Debug|Any CPU
		{056C0A56-B17B-4CB8-8972-D7B0D9EA4F81}.Release|Any CPU.ActiveCfg = Release|Any CPU
		{056C0A56-B17B-4CB8-8972-D7B0D9EA4F81}.Release|Any CPU.Build.0 = Release|Any CPU
		{BFCDDF14-21C2-4EA0-8C96-CF829B9D92C6}.Debug|Any CPU.ActiveCfg = Debug|Any CPU
		{BFCDDF14-21C2-4EA0-8C96-CF829B9D92C6}.Debug|Any CPU.Build.0 = Debug|Any CPU
		{BFCDDF14-21C2-4EA0-8C96-CF829B9D92C6}.Release|Any CPU.ActiveCfg = Release|Any CPU
		{BFCDDF14-21C2-4EA0-8C96-CF829B9D92C6}.Release|Any CPU.Build.0 = Release|Any CPU
		{E0B4965D-1401-4221-A069-02D56AA00849}.Debug|Any CPU.ActiveCfg = Debug|Any CPU
		{E0B4965D-1401-4221-A069-02D56AA00849}.Debug|Any CPU.Build.0 = Debug|Any CPU
		{E0B4965D-1401-4221-A069-02D56AA00849}.Release|Any CPU.ActiveCfg = Release|Any CPU
		{E0B4965D-1401-4221-A069-02D56AA00849}.Release|Any CPU.Build.0 = Release|Any CPU
	EndGlobalSection
	GlobalSection(SolutionProperties) = preSolution
		HideSolutionNode = FALSE
	EndGlobalSection
EndGlobal
